
Microsoft Visual Studio Solution File, Format Version 12.00
# Visual Studio Version 17
VisualStudioVersion = 17.0.31903.59
MinimumVisualStudioVersion = 10.0.40219.1
Project("{FAE04EC0-301F-11D3-BF4B-00C04F79EFBC}") = "Credit.Api", "Credit.Api\Credit.Api.csproj", "{45C286B3-A9ED-41D0-8509-AE37B7DD6928}"
EndProject
Project("{FAE04EC0-301F-11D3-BF4B-00C04F79EFBC}") = "Credit.Domain", "Credit.Domain\Credit.Domain.csproj", "{75F8BCE1-C43A-43A6-84FA-591A5F9BDFE5}"
EndProject
Project("{FAE04EC0-301F-11D3-BF4B-00C04F79EFBC}") = "Credit.Application", "Credit.Application\Credit.Application.csproj", "{22BBFC88-BC86-4A33-B05F-E0B14B90B366}"
EndProject
Project("{FAE04EC0-301F-11D3-BF4B-00C04F79EFBC}") = "Credit.Infrastructure", "Credit.Infrastructure\Credit.Infrastructure.csproj", "{49957429-7A0A-44FB-9868-34DBB5624296}"
EndProject
Global
	GlobalSection(SolutionConfigurationPlatforms) = preSolution
		Debug|Any CPU = Debug|Any CPU
		Debug|x64 = Debug|x64
		Debug|x86 = Debug|x86
		Release|Any CPU = Release|Any CPU
		Release|x64 = Release|x64
		Release|x86 = Release|x86
	EndGlobalSection
	GlobalSection(ProjectConfigurationPlatforms) = postSolution
		{45C286B3-A9ED-41D0-8509-AE37B7DD6928}.Debug|Any CPU.ActiveCfg = Debug|Any CPU
		{45C286B3-A9ED-41D0-8509-AE37B7DD6928}.Debug|Any CPU.Build.0 = Debug|Any CPU
		{45C286B3-A9ED-41D0-8509-AE37B7DD6928}.Debug|x64.ActiveCfg = Debug|Any CPU
		{45C286B3-A9ED-41D0-8509-AE37B7DD6928}.Debug|x64.Build.0 = Debug|Any CPU
		{45C286B3-A9ED-41D0-8509-AE37B7DD6928}.Debug|x86.ActiveCfg = Debug|Any CPU
		{45C286B3-A9ED-41D0-8509-AE37B7DD6928}.Debug|x86.Build.0 = Debug|Any CPU
		{45C286B3-A9ED-41D0-8509-AE37B7DD6928}.Release|Any CPU.ActiveCfg = Release|Any CPU
		{45C286B3-A9ED-41D0-8509-AE37B7DD6928}.Release|Any CPU.Build.0 = Release|Any CPU
		{45C286B3-A9ED-41D0-8509-AE37B7DD6928}.Release|x64.ActiveCfg = Release|Any CPU
		{45C286B3-A9ED-41D0-8509-AE37B7DD6928}.Release|x64.Build.0 = Release|Any CPU
		{45C286B3-A9ED-41D0-8509-AE37B7DD6928}.Release|x86.ActiveCfg = Release|Any CPU
		{45C286B3-A9ED-41D0-8509-AE37B7DD6928}.Release|x86.Build.0 = Release|Any CPU
		{75F8BCE1-C43A-43A6-84FA-591A5F9BDFE5}.Debug|Any CPU.ActiveCfg = Debug|Any CPU
		{75F8BCE1-C43A-43A6-84FA-591A5F9BDFE5}.Debug|Any CPU.Build.0 = Debug|Any CPU
		{75F8BCE1-C43A-43A6-84FA-591A5F9BDFE5}.Debug|x64.ActiveCfg = Debug|Any CPU
		{75F8BCE1-C43A-43A6-84FA-591A5F9BDFE5}.Debug|x64.Build.0 = Debug|Any CPU
		{75F8BCE1-C43A-43A6-84FA-591A5F9BDFE5}.Debug|x86.ActiveCfg = Debug|Any CPU
		{75F8BCE1-C43A-43A6-84FA-591A5F9BDFE5}.Debug|x86.Build.0 = Debug|Any CPU
		{75F8BCE1-C43A-43A6-84FA-591A5F9BDFE5}.Release|Any CPU.ActiveCfg = Release|Any CPU
		{75F8BCE1-C43A-43A6-84FA-591A5F9BDFE5}.Release|Any CPU.Build.0 = Release|Any CPU
		{75F8BCE1-C43A-43A6-84FA-591A5F9BDFE5}.Release|x64.ActiveCfg = Release|Any CPU
		{75F8BCE1-C43A-43A6-84FA-591A5F9BDFE5}.Release|x64.Build.0 = Release|Any CPU
		{75F8BCE1-C43A-43A6-84FA-591A5F9BDFE5}.Release|x86.ActiveCfg = Release|Any CPU
		{75F8BCE1-C43A-43A6-84FA-591A5F9BDFE5}.Release|x86.Build.0 = Release|Any CPU
		{22BBFC88-BC86-4A33-B05F-E0B14B90B366}.Debug|Any CPU.ActiveCfg = Debug|Any CPU
		{22BBFC88-BC86-4A33-B05F-E0B14B90B366}.Debug|Any CPU.Build.0 = Debug|Any CPU
		{22BBFC88-BC86-4A33-B05F-E0B14B90B366}.Debug|x64.ActiveCfg = Debug|Any CPU
		{22BBFC88-BC86-4A33-B05F-E0B14B90B366}.Debug|x64.Build.0 = Debug|Any CPU
		{22BBFC88-BC86-4A33-B05F-E0B14B90B366}.Debug|x86.ActiveCfg = Debug|Any CPU
		{22BBFC88-BC86-4A33-B05F-E0B14B90B366}.Debug|x86.Build.0 = Debug|Any CPU
		{22BBFC88-BC86-4A33-B05F-E0B14B90B366}.Release|Any CPU.ActiveCfg = Release|Any CPU
		{22BBFC88-BC86-4A33-B05F-E0B14B90B366}.Release|Any CPU.Build.0 = Release|Any CPU
		{22BBFC88-BC86-4A33-B05F-E0B14B90B366}.Release|x64.ActiveCfg = Release|Any CPU
		{22BBFC88-BC86-4A33-B05F-E0B14B90B366}.Release|x64.Build.0 = Release|Any CPU
		{22BBFC88-BC86-4A33-B05F-E0B14B90B366}.Release|x86.ActiveCfg = Release|Any CPU
		{22BBFC88-BC86-4A33-B05F-E0B14B90B366}.Release|x86.Build.0 = Release|Any CPU
		{49957429-7A0A-44FB-9868-34DBB5624296}.Debug|Any CPU.ActiveCfg = Debug|Any CPU
		{49957429-7A0A-44FB-9868-34DBB5624296}.Debug|Any CPU.Build.0 = Debug|Any CPU
		{49957429-7A0A-44FB-9868-34DBB5624296}.Debug|x64.ActiveCfg = Debug|Any CPU
		{49957429-7A0A-44FB-9868-34DBB5624296}.Debug|x64.Build.0 = Debug|Any CPU
		{49957429-7A0A-44FB-9868-34DBB5624296}.Debug|x86.ActiveCfg = Debug|Any CPU
		{49957429-7A0A-44FB-9868-34DBB5624296}.Debug|x86.Build.0 = Debug|Any CPU
		{49957429-7A0A-44FB-9868-34DBB5624296}.Release|Any CPU.ActiveCfg = Release|Any CPU
		{49957429-7A0A-44FB-9868-34DBB5624296}.Release|Any CPU.Build.0 = Release|Any CPU
		{49957429-7A0A-44FB-9868-34DBB5624296}.Release|x64.ActiveCfg = Release|Any CPU
		{49957429-7A0A-44FB-9868-34DBB5624296}.Release|x64.Build.0 = Release|Any CPU
		{49957429-7A0A-44FB-9868-34DBB5624296}.Release|x86.ActiveCfg = Release|Any CPU
		{49957429-7A0A-44FB-9868-34DBB5624296}.Release|x86.Build.0 = Release|Any CPU
	EndGlobalSection
	GlobalSection(SolutionProperties) = preSolution
		HideSolutionNode = FALSE
	EndGlobalSection
EndGlobal
