
Microsoft Visual Studio Solution File, Format Version 12.00
# Visual Studio Version 17
VisualStudioVersion = 17.0.31903.59
MinimumVisualStudioVersion = 10.0.40219.1
Project("{2150E333-8FDC-42A3-9474-1A3956D46DE8}") = "ApiGateway", "ApiGateway", "{25D181DD-5CC9-F0B3-C64F-91E1AA77FD70}"
EndProject
Project("{FAE04EC0-301F-11D3-BF4B-00C04F79EFBC}") = "Gateway.Api", "ApiGateway\Gateway.Api\Gateway.Api.csproj", "{1CD7DF7F-363A-40D1-A323-76D16A9DE747}"
EndProject
Project("{2150E333-8FDC-42A3-9474-1A3956D46DE8}") = "IdentityService", "IdentityService", "{C92C2A6C-C7DF-3B17-8CE7-85FC08468CCF}"
EndProject
Project("{FAE04EC0-301F-11D3-BF4B-00C04F79EFBC}") = "Identity.Api", "IdentityService\Identity.Api\Identity.Api.csproj", "{115EC114-06AA-420A-B187-64CFEF849E35}"
EndProject
Project("{2150E333-8FDC-42A3-9474-1A3956D46DE8}") = "CreditService", "CreditService", "{BFD4A2FA-AD9C-74EE-AC76-78E6B1F65A4E}"
EndProject
Project("{FAE04EC0-301F-11D3-BF4B-00C04F79EFBC}") = "Credit.Api", "CreditService\Credit.Api\Credit.Api.csproj", "{6526F76E-7DA0-4AE8-BCB7-996D5CEA8DC4}"
EndProject
Project("{2150E333-8FDC-42A3-9474-1A3956D46DE8}") = "AuditService", "AuditService", "{C34D0969-8083-DB5B-948D-13F1809EF735}"
EndProject
Project("{FAE04EC0-301F-11D3-BF4B-00C04F79EFBC}") = "Audit.Api", "AuditService\Audit.Api\Audit.Api.csproj", "{89E3B248-BE2B-4453-815D-D8BA57686CA5}"
EndProject
Project("{2150E333-8FDC-42A3-9474-1A3956D46DE8}") = "RuleEngineService", "RuleEngineService", "{927F75D1-69B4-1660-A832-46534FF175BB}"
EndProject
Project("{FAE04EC0-301F-11D3-BF4B-00C04F79EFBC}") = "RuleEngine.Api", "RuleEngineService\RuleEngine.Api\RuleEngine.Api.csproj", "{D43FCCD1-FD32-4BB5-966E-5FD08C55E32A}"
EndProject
Project("{2150E333-8FDC-42A3-9474-1A3956D46DE8}") = "Tests", "Tests", "{0AB3BF05-4346-4AA6-1389-037BE0695223}"
EndProject
Project("{FAE04EC0-301F-11D3-BF4B-00C04F79EFBC}") = "Credit.Domain.Tests", "Tests\Credit.Domain.Tests\Credit.Domain.Tests.csproj", "{04A78016-66CA-48F3-8A27-D8079D0AAAB7}"
EndProject
Project("{FAE04EC0-301F-11D3-BF4B-00C04F79EFBC}") = "Credit.Infrastructure.Tests", "Tests\Credit.Infrastructure.Tests\Credit.Infrastructure.Tests.csproj", "{8E89B3E3-DFBF-4415-B971-395515811627}"
EndProject
Global
	GlobalSection(SolutionConfigurationPlatforms) = preSolution
		Debug|Any CPU = Debug|Any CPU
		Debug|x64 = Debug|x64
		Debug|x86 = Debug|x86
		Release|Any CPU = Release|Any CPU
		Release|x64 = Release|x64
		Release|x86 = Release|x86
	EndGlobalSection
	GlobalSection(ProjectConfigurationPlatforms) = postSolution
		{1CD7DF7F-363A-40D1-A323-76D16A9DE747}.Debug|Any CPU.ActiveCfg = Debug|Any CPU
		{1CD7DF7F-363A-40D1-A323-76D16A9DE747}.Debug|Any CPU.Build.0 = Debug|Any CPU
		{1CD7DF7F-363A-40D1-A323-76D16A9DE747}.Debug|x64.ActiveCfg = Debug|Any CPU
		{1CD7DF7F-363A-40D1-A323-76D16A9DE747}.Debug|x64.Build.0 = Debug|Any CPU
		{1CD7DF7F-363A-40D1-A323-76D16A9DE747}.Debug|x86.ActiveCfg = Debug|Any CPU
		{1CD7DF7F-363A-40D1-A323-76D16A9DE747}.Debug|x86.Build.0 = Debug|Any CPU
		{1CD7DF7F-363A-40D1-A323-76D16A9DE747}.Release|Any CPU.ActiveCfg = Release|Any CPU
		{1CD7DF7F-363A-40D1-A323-76D16A9DE747}.Release|Any CPU.Build.0 = Release|Any CPU
		{1CD7DF7F-363A-40D1-A323-76D16A9DE747}.Release|x64.ActiveCfg = Release|Any CPU
		{1CD7DF7F-363A-40D1-A323-76D16A9DE747}.Release|x64.Build.0 = Release|Any CPU
		{1CD7DF7F-363A-40D1-A323-76D16A9DE747}.Release|x86.ActiveCfg = Release|Any CPU
		{1CD7DF7F-363A-40D1-A323-76D16A9DE747}.Release|x86.Build.0 = Release|Any CPU
		{115EC114-06AA-420A-B187-64CFEF849E35}.Debug|Any CPU.ActiveCfg = Debug|Any CPU
		{115EC114-06AA-420A-B187-64CFEF849E35}.Debug|Any CPU.Build.0 = Debug|Any CPU
		{115EC114-06AA-420A-B187-64CFEF849E35}.Debug|x64.ActiveCfg = Debug|Any CPU
		{115EC114-06AA-420A-B187-64CFEF849E35}.Debug|x64.Build.0 = Debug|Any CPU
		{115EC114-06AA-420A-B187-64CFEF849E35}.Debug|x86.ActiveCfg = Debug|Any CPU
		{115EC114-06AA-420A-B187-64CFEF849E35}.Debug|x86.Build.0 = Debug|Any CPU
		{115EC114-06AA-420A-B187-64CFEF849E35}.Release|Any CPU.ActiveCfg = Release|Any CPU
		{115EC114-06AA-420A-B187-64CFEF849E35}.Release|Any CPU.Build.0 = Release|Any CPU
		{115EC114-06AA-420A-B187-64CFEF849E35}.Release|x64.ActiveCfg = Release|Any CPU
		{115EC114-06AA-420A-B187-64CFEF849E35}.Release|x64.Build.0 = Release|Any CPU
		{115EC114-06AA-420A-B187-64CFEF849E35}.Release|x86.ActiveCfg = Release|Any CPU
		{115EC114-06AA-420A-B187-64CFEF849E35}.Release|x86.Build.0 = Release|Any CPU
		{6526F76E-7DA0-4AE8-BCB7-996D5CEA8DC4}.Debug|Any CPU.ActiveCfg = Debug|Any CPU
		{6526F76E-7DA0-4AE8-BCB7-996D5CEA8DC4}.Debug|Any CPU.Build.0 = Debug|Any CPU
		{6526F76E-7DA0-4AE8-BCB7-996D5CEA8DC4}.Debug|x64.ActiveCfg = Debug|Any CPU
		{6526F76E-7DA0-4AE8-BCB7-996D5CEA8DC4}.Debug|x64.Build.0 = Debug|Any CPU
		{6526F76E-7DA0-4AE8-BCB7-996D5CEA8DC4}.Debug|x86.ActiveCfg = Debug|Any CPU
		{6526F76E-7DA0-4AE8-BCB7-996D5CEA8DC4}.Debug|x86.Build.0 = Debug|Any CPU
		{6526F76E-7DA0-4AE8-BCB7-996D5CEA8DC4}.Release|Any CPU.ActiveCfg = Release|Any CPU
		{6526F76E-7DA0-4AE8-BCB7-996D5CEA8DC4}.Release|Any CPU.Build.0 = Release|Any CPU
		{6526F76E-7DA0-4AE8-BCB7-996D5CEA8DC4}.Release|x64.ActiveCfg = Release|Any CPU
		{6526F76E-7DA0-4AE8-BCB7-996D5CEA8DC4}.Release|x64.Build.0 = Release|Any CPU
		{6526F76E-7DA0-4AE8-BCB7-996D5CEA8DC4}.Release|x86.ActiveCfg = Release|Any CPU
		{6526F76E-7DA0-4AE8-BCB7-996D5CEA8DC4}.Release|x86.Build.0 = Release|Any CPU
		{89E3B248-BE2B-4453-815D-D8BA57686CA5}.Debug|Any CPU.ActiveCfg = Debug|Any CPU
		{89E3B248-BE2B-4453-815D-D8BA57686CA5}.Debug|Any CPU.Build.0 = Debug|Any CPU
		{89E3B248-BE2B-4453-815D-D8BA57686CA5}.Debug|x64.ActiveCfg = Debug|Any CPU
		{89E3B248-BE2B-4453-815D-D8BA57686CA5}.Debug|x64.Build.0 = Debug|Any CPU
		{89E3B248-BE2B-4453-815D-D8BA57686CA5}.Debug|x86.ActiveCfg = Debug|Any CPU
		{89E3B248-BE2B-4453-815D-D8BA57686CA5}.Debug|x86.Build.0 = Debug|Any CPU
		{89E3B248-BE2B-4453-815D-D8BA57686CA5}.Release|Any CPU.ActiveCfg = Release|Any CPU
		{89E3B248-BE2B-4453-815D-D8BA57686CA5}.Release|Any CPU.Build.0 = Release|Any CPU
		{89E3B248-BE2B-4453-815D-D8BA57686CA5}.Release|x64.ActiveCfg = Release|Any CPU
		{89E3B248-BE2B-4453-815D-D8BA57686CA5}.Release|x64.Build.0 = Release|Any CPU
		{89E3B248-BE2B-4453-815D-D8BA57686CA5}.Release|x86.ActiveCfg = Release|Any CPU
		{89E3B248-BE2B-4453-815D-D8BA57686CA5}.Release|x86.Build.0 = Release|Any CPU
		{D43FCCD1-FD32-4BB5-966E-5FD08C55E32A}.Debug|Any CPU.ActiveCfg = Debug|Any CPU
		{D43FCCD1-FD32-4BB5-966E-5FD08C55E32A}.Debug|Any CPU.Build.0 = Debug|Any CPU
		{D43FCCD1-FD32-4BB5-966E-5FD08C55E32A}.Debug|x64.ActiveCfg = Debug|Any CPU
		{D43FCCD1-FD32-4BB5-966E-5FD08C55E32A}.Debug|x64.Build.0 = Debug|Any CPU
		{D43FCCD1-FD32-4BB5-966E-5FD08C55E32A}.Debug|x86.ActiveCfg = Debug|Any CPU
		{D43FCCD1-FD32-4BB5-966E-5FD08C55E32A}.Debug|x86.Build.0 = Debug|Any CPU
		{D43FCCD1-FD32-4BB5-966E-5FD08C55E32A}.Release|Any CPU.ActiveCfg = Release|Any CPU
		{D43FCCD1-FD32-4BB5-966E-5FD08C55E32A}.Release|Any CPU.Build.0 = Release|Any CPU
		{D43FCCD1-FD32-4BB5-966E-5FD08C55E32A}.Release|x64.ActiveCfg = Release|Any CPU
		{D43FCCD1-FD32-4BB5-966E-5FD08C55E32A}.Release|x64.Build.0 = Release|Any CPU
		{D43FCCD1-FD32-4BB5-966E-5FD08C55E32A}.Release|x86.ActiveCfg = Release|Any CPU
		{D43FCCD1-FD32-4BB5-966E-5FD08C55E32A}.Release|x86.Build.0 = Release|Any CPU
		{04A78016-66CA-48F3-8A27-D8079D0AAAB7}.Debug|Any CPU.ActiveCfg = Debug|Any CPU
		{04A78016-66CA-48F3-8A27-D8079D0AAAB7}.Debug|Any CPU.Build.0 = Debug|Any CPU
		{04A78016-66CA-48F3-8A27-D8079D0AAAB7}.Debug|x64.ActiveCfg = Debug|Any CPU
		{04A78016-66CA-48F3-8A27-D8079D0AAAB7}.Debug|x64.Build.0 = Debug|Any CPU
		{04A78016-66CA-48F3-8A27-D8079D0AAAB7}.Debug|x86.ActiveCfg = Debug|Any CPU
		{04A78016-66CA-48F3-8A27-D8079D0AAAB7}.Debug|x86.Build.0 = Debug|Any CPU
		{04A78016-66CA-48F3-8A27-D8079D0AAAB7}.Release|Any CPU.ActiveCfg = Release|Any CPU
		{04A78016-66CA-48F3-8A27-D8079D0AAAB7}.Release|Any CPU.Build.0 = Release|Any CPU
		{04A78016-66CA-48F3-8A27-D8079D0AAAB7}.Release|x64.ActiveCfg = Release|Any CPU
		{04A78016-66CA-48F3-8A27-D8079D0AAAB7}.Release|x64.Build.0 = Release|Any CPU
		{04A78016-66CA-48F3-8A27-D8079D0AAAB7}.Release|x86.ActiveCfg = Release|Any CPU
		{04A78016-66CA-48F3-8A27-D8079D0AAAB7}.Release|x86.Build.0 = Release|Any CPU
		{8E89B3E3-DFBF-4415-B971-395515811627}.Debug|Any CPU.ActiveCfg = Debug|Any CPU
		{8E89B3E3-DFBF-4415-B971-395515811627}.Debug|Any CPU.Build.0 = Debug|Any CPU
		{8E89B3E3-DFBF-4415-B971-395515811627}.Debug|x64.ActiveCfg = Debug|Any CPU
		{8E89B3E3-DFBF-4415-B971-395515811627}.Debug|x64.Build.0 = Debug|Any CPU
		{8E89B3E3-DFBF-4415-B971-395515811627}.Debug|x86.ActiveCfg = Debug|Any CPU
		{8E89B3E3-DFBF-4415-B971-395515811627}.Debug|x86.Build.0 = Debug|Any CPU
		{8E89B3E3-DFBF-4415-B971-395515811627}.Release|Any CPU.ActiveCfg = Release|Any CPU
		{8E89B3E3-DFBF-4415-B971-395515811627}.Release|Any CPU.Build.0 = Release|Any CPU
		{8E89B3E3-DFBF-4415-B971-395515811627}.Release|x64.ActiveCfg = Release|Any CPU
		{8E89B3E3-DFBF-4415-B971-395515811627}.Release|x64.Build.0 = Release|Any CPU
		{8E89B3E3-DFBF-4415-B971-395515811627}.Release|x86.ActiveCfg = Release|Any CPU
		{8E89B3E3-DFBF-4415-B971-395515811627}.Release|x86.Build.0 = Release|Any CPU
	EndGlobalSection
	GlobalSection(SolutionProperties) = preSolution
		HideSolutionNode = FALSE
	EndGlobalSection
	GlobalSection(NestedProjects) = preSolution
		{1CD7DF7F-363A-40D1-A323-76D16A9DE747} = {25D181DD-5CC9-F0B3-C64F-91E1AA77FD70}
		{115EC114-06AA-420A-B187-64CFEF849E35} = {C92C2A6C-C7DF-3B17-8CE7-85FC08468CCF}
		{6526F76E-7DA0-4AE8-BCB7-996D5CEA8DC4} = {BFD4A2FA-AD9C-74EE-AC76-78E6B1F65A4E}
		{89E3B248-BE2B-4453-815D-D8BA57686CA5} = {C34D0969-8083-DB5B-948D-13F1809EF735}
		{D43FCCD1-FD32-4BB5-966E-5FD08C55E32A} = {927F75D1-69B4-1660-A832-46534FF175BB}
		{04A78016-66CA-48F3-8A27-D8079D0AAAB7} = {0AB3BF05-4346-4AA6-1389-037BE0695223}
		{8E89B3E3-DFBF-4415-B971-395515811627} = {0AB3BF05-4346-4AA6-1389-037BE0695223}
	EndGlobalSection
EndGlobal
